// !$*UTF8*$!
{
	archiveVersion = 1;
	classes = {
	};
	objectVersion = 56;
	objects = {

/* Begin PBXBuildFile section */
		AA000001 /* HotkeyRecorderApp.swift in Sources */ = {isa = PBXBuildFile; fileRef = AA100001 /* HotkeyRecorderApp.swift */; };
		AA000002 /* AppCoordinator.swift in Sources */ = {isa = PBXBuildFile; fileRef = AA100002 /* AppCoordinator.swift */; };
		AA000003 /* ContentView.swift in Sources */ = {isa = PBXBuildFile; fileRef = AA100003 /* ContentView.swift */; };
		AA000004 /* SettingsView.swift in Sources */ = {isa = PBXBuildFile; fileRef = AA100004 /* SettingsView.swift */; };
		AA000005 /* MenuBarView.swift in Sources */ = {isa = PBXBuildFile; fileRef = AA100005 /* MenuBarView.swift */; };
		AA000006 /* AudioRecorder.swift in Sources */ = {isa = PBXBuildFile; fileRef = AA100006 /* AudioRecorder.swift */; };
		AA000007 /* WAVExporter.swift in Sources */ = {isa = PBXBuildFile; fileRef = AA100007 /* WAVExporter.swift */; };
		AA000008 /* HotkeyManager.swift in Sources */ = {isa = PBXBuildFile; fileRef = AA100008 /* HotkeyManager.swift */; };
		AA000009 /* Hotkey.swift in Sources */ = {isa = PBXBuildFile; fileRef = AA100009 /* Hotkey.swift */; };
		AA000010 /* ClipboardManager.swift in Sources */ = {isa = PBXBuildFile; fileRef = AA100010 /* ClipboardManager.swift */; };
		AA000011 /* LoginItemManager.swift in Sources */ = {isa = PBXBuildFile; fileRef = AA100011 /* LoginItemManager.swift */; };
		AA000012 /* RecordingState.swift in Sources */ = {isa = PBXBuildFile; fileRef = AA100012 /* RecordingState.swift */; };
		AA000013 /* AppSettings.swift in Sources */ = {isa = PBXBuildFile; fileRef = AA100013 /* AppSettings.swift */; };
		AA000014 /* FileManagerHelpers.swift in Sources */ = {isa = PBXBuildFile; fileRef = AA100014 /* FileManagerHelpers.swift */; };
		AA000015 /* PermissionHelpers.swift in Sources */ = {isa = PBXBuildFile; fileRef = AA100015 /* PermissionHelpers.swift */; };
		AA000017 /* AudioPlayer.swift in Sources */ = {isa = PBXBuildFile; fileRef = AA100017 /* AudioPlayer.swift */; };
		AA000018 /* VoiceActivationMonitor.swift in Sources */ = {isa = PBXBuildFile; fileRef = AA100018 /* VoiceActivationMonitor.swift */; };
		AA000019 /* MicTestManager.swift in Sources */ = {isa = PBXBuildFile; fileRef = AA100019 /* MicTestManager.swift */; };
		AA000020 /* Assets.xcassets in Resources */ = {isa = PBXBuildFile; fileRef = AA100020 /* Assets.xcassets */; };
/* End PBXBuildFile section */

/* Begin PBXFileReference section */
		AA100001 /* HotkeyRecorderApp.swift */ = {isa = PBXFileReference; lastKnownFileType = sourcecode.swift; path = HotkeyRecorderApp.swift; sourceTree = "<group>"; };
		AA100002 /* AppCoordinator.swift */ = {isa = PBXFileReference; lastKnownFileType = sourcecode.swift; path = AppCoordinator.swift; sourceTree = "<group>"; };
		AA100003 /* ContentView.swift */ = {isa = PBXFileReference; lastKnownFileType = sourcecode.swift; path = ContentView.swift; sourceTree = "<group>"; };
		AA100004 /* SettingsView.swift */ = {isa = PBXFileReference; lastKnownFileType = sourcecode.swift; path = SettingsView.swift; sourceTree = "<group>"; };
		AA100005 /* MenuBarView.swift */ = {isa = PBXFileReference; lastKnownFileType = sourcecode.swift; path = MenuBarView.swift; sourceTree = "<group>"; };
		AA100006 /* AudioRecorder.swift */ = {isa = PBXFileReference; lastKnownFileType = sourcecode.swift; path = AudioRecorder.swift; sourceTree = "<group>"; };
		AA100007 /* WAVExporter.swift */ = {isa = PBXFileReference; lastKnownFileType = sourcecode.swift; path = WAVExporter.swift; sourceTree = "<group>"; };
		AA100008 /* HotkeyManager.swift */ = {isa = PBXFileReference; lastKnownFileType = sourcecode.swift; path = HotkeyManager.swift; sourceTree = "<group>"; };
		AA100009 /* Hotkey.swift */ = {isa = PBXFileReference; lastKnownFileType = sourcecode.swift; path = Hotkey.swift; sourceTree = "<group>"; };
		AA100010 /* ClipboardManager.swift */ = {isa = PBXFileReference; lastKnownFileType = sourcecode.swift; path = ClipboardManager.swift; sourceTree = "<group>"; };
		AA100011 /* LoginItemManager.swift */ = {isa = PBXFileReference; lastKnownFileType = sourcecode.swift; path = LoginItemManager.swift; sourceTree = "<group>"; };
		AA100012 /* RecordingState.swift */ = {isa = PBXFileReference; lastKnownFileType = sourcecode.swift; path = RecordingState.swift; sourceTree = "<group>"; };
		AA100013 /* AppSettings.swift */ = {isa = PBXFileReference; lastKnownFileType = sourcecode.swift; path = AppSettings.swift; sourceTree = "<group>"; };
		AA100014 /* FileManagerHelpers.swift */ = {isa = PBXFileReference; lastKnownFileType = sourcecode.swift; path = FileManagerHelpers.swift; sourceTree = "<group>"; };
		AA100015 /* PermissionHelpers.swift */ = {isa = PBXFileReference; lastKnownFileType = sourcecode.swift; path = PermissionHelpers.swift; sourceTree = "<group>"; };
		AA100016 /* Info.plist */ = {isa = PBXFileReference; lastKnownFileType = text.plist.xml; path = Info.plist; sourceTree = "<group>"; };
		AA100017 /* AudioPlayer.swift */ = {isa = PBXFileReference; lastKnownFileType = sourcecode.swift; path = AudioPlayer.swift; sourceTree = "<group>"; };
		AA100018 /* VoiceActivationMonitor.swift */ = {isa = PBXFileReference; lastKnownFileType = sourcecode.swift; path = VoiceActivationMonitor.swift; sourceTree = "<group>"; };
		AA100019 /* MicTestManager.swift */ = {isa = PBXFileReference; lastKnownFileType = sourcecode.swift; path = MicTestManager.swift; sourceTree = "<group>"; };
		AA100020 /* Assets.xcassets */ = {isa = PBXFileReference; lastKnownFileType = folder.assetcatalog; path = Assets.xcassets; sourceTree = "<group>"; };
		AAPROD001 /* DubScribe.app */ = {isa = PBXFileReference; explicitFileType = wrapper.application; includeInIndex = 0; path = DubScribe.app; sourceTree = BUILT_PRODUCTS_DIR; };
/* End PBXFileReference section */

/* Begin PBXFrameworksBuildPhase section */
		AABP0001 /* Frameworks */ = {
			isa = PBXFrameworksBuildPhase;
			buildActionMask = 2147483647;
			files = (
			);
			runOnlyForDeploymentPostprocessing = 0;
		};
/* End PBXFrameworksBuildPhase section */

/* Begin PBXGroup section */
		AAGRP0000 = {
			isa = PBXGroup;
			children = (
				AAGRP0001 /* HotkeyRecorder */,
				AAGRP0099 /* Products */,
			);
			sourceTree = "<group>";
		};
		AAGRP0001 /* HotkeyRecorder */ = {
			isa = PBXGroup;
			children = (
				AAGRP0010 /* App */,
				AAGRP0020 /* UI */,
				AAGRP0030 /* Audio */,
				AAGRP0040 /* Hotkeys */,
				AAGRP0050 /* Clipboard */,
				AAGRP0060 /* Login */,
				AAGRP0070 /* Models */,
				AAGRP0080 /* Utilities */,
				AAGRP0090 /* Resources */,
			);
			path = HotkeyRecorder;
			sourceTree = "<group>";
		};
		AAGRP0010 /* App */ = {
			isa = PBXGroup;
			children = (
				AA100001 /* HotkeyRecorderApp.swift */,
				AA100002 /* AppCoordinator.swift */,
			);
			path = App;
			sourceTree = "<group>";
		};
		AAGRP0020 /* UI */ = {
			isa = PBXGroup;
			children = (
				AA100003 /* ContentView.swift */,
				AA100004 /* SettingsView.swift */,
				AA100005 /* MenuBarView.swift */,
			);
			path = UI;
			sourceTree = "<group>";
		};
		AAGRP0030 /* Audio */ = {
			isa = PBXGroup;
			children = (
				AA100006 /* AudioRecorder.swift */,
				AA100007 /* WAVExporter.swift */,
				AA100017 /* AudioPlayer.swift */,
				AA100018 /* VoiceActivationMonitor.swift */,
				AA100019 /* MicTestManager.swift */,
			);
			path = Audio;
			sourceTree = "<group>";
		};
		AAGRP0040 /* Hotkeys */ = {
			isa = PBXGroup;
			children = (
				AA100008 /* HotkeyManager.swift */,
				AA100009 /* Hotkey.swift */,
			);
			path = Hotkeys;
			sourceTree = "<group>";
		};
		AAGRP0050 /* Clipboard */ = {
			isa = PBXGroup;
			children = (
				AA100010 /* ClipboardManager.swift */,
			);
			path = Clipboard;
			sourceTree = "<group>";
		};
		AAGRP0060 /* Login */ = {
			isa = PBXGroup;
			children = (
				AA100011 /* LoginItemManager.swift */,
			);
			path = Login;
			sourceTree = "<group>";
		};
		AAGRP0070 /* Models */ = {
			isa = PBXGroup;
			children = (
				AA100012 /* RecordingState.swift */,
				AA100013 /* AppSettings.swift */,
			);
			path = Models;
			sourceTree = "<group>";
		};
		AAGRP0080 /* Utilities */ = {
			isa = PBXGroup;
			children = (
				AA100014 /* FileManagerHelpers.swift */,
				AA100015 /* PermissionHelpers.swift */,
			);
			path = Utilities;
			sourceTree = "<group>";
		};
		AAGRP0090 /* Resources */ = {
			isa = PBXGroup;
			children = (
				AA100020 /* Assets.xcassets */,
				AA100016 /* Info.plist */,
			);
			path = Resources;
			sourceTree = "<group>";
		};
		AAGRP0099 /* Products */ = {
			isa = PBXGroup;
			children = (
				AAPROD001 /* DubScribe.app */,
			);
			name = Products;
			sourceTree = "<group>";
		};
/* End PBXGroup section */

/* Begin PBXNativeTarget section */
		AATGT0001 /* DubScribe */ = {
			isa = PBXNativeTarget;
			buildConfigurationList = AACFL0002 /* Build configuration list for PBXNativeTarget "DubScribe" */;
			buildPhases = (
				AABP0002 /* Sources */,
				AABP0001 /* Frameworks */,
				AABP0003 /* Resources */,
			);
			buildRules = (
			);
			dependencies = (
			);
			name = DubScribe;
			productName = HotkeyRecorder;
			productReference = AAPROD001 /* DubScribe.app */;
			productType = "com.apple.product-type.application";
		};
/* End PBXNativeTarget section */

/* Begin PBXProject section */
		AAPROJ001 /* Project object */ = {
			isa = PBXProject;
			attributes = {
				BuildIndependentTargetsInParallel = 1;
				LastSwiftUpdateCheck = 1500;
				LastUpgradeCheck = 1500;
				TargetAttributes = {
					AATGT0001 = {
						CreatedOnToolsVersion = 15.0;
					};
				};
			};
			buildConfigurationList = AACFL0001 /* Build configuration list for PBXProject "DubScribe" */;
			compatibilityVersion = "Xcode 14.0";
			developmentRegion = en;
			hasScannedForEncodings = 0;
			knownRegions = (
				en,
				Base,
			);
			mainGroup = AAGRP0000;
			productRefGroup = AAGRP0099 /* Products */;
			projectDirPath = "";
			projectRoot = "";
			targets = (
				AATGT0001 /* DubScribe */,
			);
		};
/* End PBXProject section */

/* Begin PBXResourcesBuildPhase section */
		AABP0003 /* Resources */ = {
			isa = PBXResourcesBuildPhase;
			buildActionMask = 2147483647;
			files = (
				AA000020 /* Assets.xcassets in Resources */,
			);
			runOnlyForDeploymentPostprocessing = 0;
		};
/* End PBXResourcesBuildPhase section */

/* Begin PBXSourcesBuildPhase section */
		AABP0002 /* Sources */ = {
			isa = PBXSourcesBuildPhase;
			buildActionMask = 2147483647;
			files = (
				AA000001 /* HotkeyRecorderApp.swift in Sources */,
				AA000002 /* AppCoordinator.swift in Sources */,
				AA000003 /* ContentView.swift in Sources */,
				AA000004 /* SettingsView.swift in Sources */,
				AA000005 /* MenuBarView.swift in Sources */,
				AA000006 /* AudioRecorder.swift in Sources */,
				AA000007 /* WAVExporter.swift in Sources */,
				AA000008 /* HotkeyManager.swift in Sources */,
				AA000009 /* Hotkey.swift in Sources */,
				AA000010 /* ClipboardManager.swift in Sources */,
				AA000011 /* LoginItemManager.swift in Sources */,
				AA000012 /* RecordingState.swift in Sources */,
				AA000013 /* AppSettings.swift in Sources */,
				AA000014 /* FileManagerHelpers.swift in Sources */,
				AA000015 /* PermissionHelpers.swift in Sources */,
				AA000017 /* AudioPlayer.swift in Sources */,
				AA000018 /* VoiceActivationMonitor.swift in Sources */,
				AA000019 /* MicTestManager.swift in Sources */,
			);
			runOnlyForDeploymentPostprocessing = 0;
		};
/* End PBXSourcesBuildPhase section */

/* Begin XCBuildConfiguration section */
		AACFG0001 /* Debug */ = {
			isa = XCBuildConfiguration;
			buildSettings = {
				ALWAYS_SEARCH_USER_PATHS = NO;
				ASSETCATALOG_COMPILER_GENERATE_SWIFT_ASSET_SYMBOL_EXTENSIONS = YES;
				CLANG_ANALYZER_NONNULL = YES;
				CLANG_ANALYZER_NUMBER_OBJECT_CONVERSION = YES_AGGRESSIVE;
				CLANG_CXX_LANGUAGE_STANDARD = "gnu++20";
				CLANG_ENABLE_MODULES = YES;
				CLANG_ENABLE_OBJC_ARC = YES;
				CLANG_ENABLE_OBJC_WEAK = YES;
				CLANG_WARN_BLOCK_CAPTURE_AUTORELEASING = YES;
				CLANG_WARN_BOOL_CONVERSION = YES;
				CLANG_WARN_COMMA = YES;
				CLANG_WARN_CONSTANT_CONVERSION = YES;
				CLANG_WARN_DEPRECATED_OBJC_IMPLEMENTATIONS = YES;
				CLANG_WARN_DIRECT_OBJC_ISA_USAGE = YES_ERROR;
				CLANG_WARN_DOCUMENTATION_COMMENTS = YES;
				CLANG_WARN_EMPTY_BODY = YES;
				CLANG_WARN_ENUM_CONVERSION = YES;
				CLANG_WARN_INFINITE_RECURSION = YES;
				CLANG_WARN_INT_CONVERSION = YES;
				CLANG_WARN_NON_LITERAL_NULL_CONVERSION = YES;
				CLANG_WARN_OBJC_IMPLICIT_RETAIN_CYCLES = YES;
				CLANG_WARN_OBJC_LITERAL_CONVERSION = YES;
				CLANG_WARN_OBJC_ROOT_CLASS = YES_ERROR;
				CLANG_WARN_QUOTED_INCLUDE_IN_FRAMEWORK_HEADER = YES;
				CLANG_WARN_RANGE_LOOP_ANALYSIS = YES;
				CLANG_WARN_STRICT_PROTOTYPES = YES;
				CLANG_WARN_SUSPICIOUS_MOVE = YES;
				CLANG_WARN_UNGUARDED_AVAILABILITY = YES_AGGRESSIVE;
				CLANG_WARN_UNREACHABLE_CODE = YES;
				CLANG_WARN__DUPLICATE_METHOD_MATCH = YES;
				COPY_PHASE_STRIP = NO;
				DEBUG_INFORMATION_FORMAT = dwarf;
				ENABLE_STRICT_OBJC_MSGSEND = YES;
				ENABLE_TESTABILITY = YES;
				ENABLE_USER_SCRIPT_SANDBOXING = YES;
				GCC_C_LANGUAGE_STANDARD = gnu17;
				GCC_DYNAMIC_NO_PIC = NO;
				GCC_NO_COMMON_BLOCKS = YES;
				GCC_OPTIMIZATION_LEVEL = 0;
				GCC_PREPROCESSOR_DEFINITIONS = (
					"DEBUG=1",
					"$(inherited)",
				);
				GCC_WARN_64_TO_32_BIT_CONVERSION = YES;
				GCC_WARN_ABOUT_RETURN_TYPE = YES_ERROR;
				GCC_WARN_UNDECLARED_SELECTOR = YES;
				GCC_WARN_UNINITIALIZED_AUTOS = YES_AGGRESSIVE;
				GCC_WARN_UNUSED_FUNCTION = YES;
				GCC_WARN_UNUSED_VARIABLE = YES;
				LOCALIZATION_PREFERS_STRING_CATALOGS = YES;
				MACOSX_DEPLOYMENT_TARGET = 13.0;
				MTL_ENABLE_DEBUG_INFO = INCLUDE_SOURCE;
				MTL_FAST_MATH = YES;
				ONLY_ACTIVE_ARCH = YES;
				SDKROOT = macosx;
				SWIFT_ACTIVE_COMPILATION_CONDITIONS = "DEBUG $(inherited)";
				SWIFT_OPTIMIZATION_LEVEL = "-Onone";
			};
			name = Debug;
		};
		AACFG0002 /* Release */ = {
			isa = XCBuildConfiguration;
			buildSettings = {
				ALWAYS_SEARCH_USER_PATHS = NO;
				ASSETCATALOG_COMPILER_GENERATE_SWIFT_ASSET_SYMBOL_EXTENSIONS = YES;
				CLANG_ANALYZER_NONNULL = YES;
				CLANG_ANALYZER_NUMBER_OBJECT_CONVERSION = YES_AGGRESSIVE;
				CLANG_CXX_LANGUAGE_STANDARD = "gnu++20";
				CLANG_ENABLE_MODULES = YES;
				CLANG_ENABLE_OBJC_ARC = YES;
				CLANG_ENABLE_OBJC_WEAK = YES;
				CLANG_WARN_BLOCK_CAPTURE_AUTORELEASING = YES;
				CLANG_WARN_BOOL_CONVERSION = YES;
				CLANG_WARN_COMMA = YES;
				CLANG_WARN_CONSTANT_CONVERSION = YES;
				CLANG_WARN_DEPRECATED_OBJC_IMPLEMENTATIONS = YES;
				CLANG_WARN_DIRECT_OBJC_ISA_USAGE = YES_ERROR;
				CLANG_WARN_DOCUMENTATION_COMMENTS = YES;
				CLANG_WARN_EMPTY_BODY = YES;
				CLANG_WARN_ENUM_CONVERSION = YES;
				CLANG_WARN_INFINITE_RECURSION = YES;
				CLANG_WARN_INT_CONVERSION = YES;
				CLANG_WARN_NON_LITERAL_NULL_CONVERSION = YES;
				CLANG_WARN_OBJC_IMPLICIT_RETAIN_CYCLES = YES;
				CLANG_WARN_OBJC_LITERAL_CONVERSION = YES;
				CLANG_WARN_OBJC_ROOT_CLASS = YES_ERROR;
				CLANG_WARN_QUOTED_INCLUDE_IN_FRAMEWORK_HEADER = YES;
				CLANG_WARN_RANGE_LOOP_ANALYSIS = YES;
				CLANG_WARN_STRICT_PROTOTYPES = YES;
				CLANG_WARN_SUSPICIOUS_MOVE = YES;
				CLANG_WARN_UNGUARDED_AVAILABILITY = YES_AGGRESSIVE;
				CLANG_WARN_UNREACHABLE_CODE = YES;
				CLANG_WARN__DUPLICATE_METHOD_MATCH = YES;
				COPY_PHASE_STRIP = NO;
				DEBUG_INFORMATION_FORMAT = "dwarf-with-dsym";
				ENABLE_NS_ASSERTIONS = NO;
				ENABLE_STRICT_OBJC_MSGSEND = YES;
				ENABLE_USER_SCRIPT_SANDBOXING = YES;
				GCC_C_LANGUAGE_STANDARD = gnu17;
				GCC_NO_COMMON_BLOCKS = YES;
				GCC_WARN_64_TO_32_BIT_CONVERSION = YES;
				GCC_WARN_ABOUT_RETURN_TYPE = YES_ERROR;
				GCC_WARN_UNDECLARED_SELECTOR = YES;
				GCC_WARN_UNINITIALIZED_AUTOS = YES_AGGRESSIVE;
				GCC_WARN_UNUSED_FUNCTION = YES;
				GCC_WARN_UNUSED_VARIABLE = YES;
				LOCALIZATION_PREFERS_STRING_CATALOGS = YES;
				MACOSX_DEPLOYMENT_TARGET = 13.0;
				MTL_FAST_MATH = YES;
				SDKROOT = macosx;
				SWIFT_COMPILATION_MODE = wholemodule;
			};
			name = Release;
		};
		AACFG0003 /* Debug */ = {
			isa = XCBuildConfiguration;
			buildSettings = {
				ARCHS = arm64;
				ASSETCATALOG_COMPILER_APPICON_NAME = AppIcon;
				ASSETCATALOG_COMPILER_GLOBAL_ACCENT_COLOR_NAME = AccentColor;
				CODE_SIGN_ENTITLEMENTS = HotkeyRecorder/HotkeyRecorder.entitlements;
				CODE_SIGN_STYLE = Automatic;
				COMBINE_HIDPI_IMAGES = YES;
				CURRENT_PROJECT_VERSION = 1;
				DEVELOPMENT_TEAM = "";
				ENABLE_HARDENED_RUNTIME = YES;
				GENERATE_INFOPLIST_FILE = NO;
				INFOPLIST_FILE = HotkeyRecorder/Resources/Info.plist;
				INFOPLIST_KEY_CFBundleDisplayName = "Dub Scribe";
				INFOPLIST_KEY_LSApplicationCategoryType = "public.app-category.utilities";
				LD_RUNPATH_SEARCH_PATHS = (
					"$(inherited)",
					"@executable_path/../Frameworks",
				);
				MACOSX_DEPLOYMENT_TARGET = 13.0;
				MARKETING_VERSION = 0.2;
				PRODUCT_BUNDLE_IDENTIFIER = com.dubscribe.app;
				PRODUCT_NAME = "$(TARGET_NAME)";
				SWIFT_EMIT_LOC_STRINGS = YES;
				SWIFT_VERSION = 5.0;
			};
			name = Debug;
		};
		AACFG0004 /* Release */ = {
			isa = XCBuildConfiguration;
			buildSettings = {
				ARCHS = arm64;
				ASSETCATALOG_COMPILER_APPICON_NAME = AppIcon;
				ASSETCATALOG_COMPILER_GLOBAL_ACCENT_COLOR_NAME = AccentColor;
				CODE_SIGN_ENTITLEMENTS = HotkeyRecorder/HotkeyRecorder.entitlements;
				CODE_SIGN_STYLE = Automatic;
				COMBINE_HIDPI_IMAGES = YES;
				CURRENT_PROJECT_VERSION = 1;
				DEVELOPMENT_TEAM = "";
				ENABLE_HARDENED_RUNTIME = YES;
				GENERATE_INFOPLIST_FILE = NO;
				INFOPLIST_FILE = HotkeyRecorder/Resources/Info.plist;
				INFOPLIST_KEY_CFBundleDisplayName = "Dub Scribe";
				INFOPLIST_KEY_LSApplicationCategoryType = "public.app-category.utilities";
				LD_RUNPATH_SEARCH_PATHS = (
					"$(inherited)",
					"@executable_path/../Frameworks",
				);
				MACOSX_DEPLOYMENT_TARGET = 13.0;
				MARKETING_VERSION = 0.2;
				PRODUCT_BUNDLE_IDENTIFIER = com.dubscribe.app;
				PRODUCT_NAME = "$(TARGET_NAME)";
				SWIFT_EMIT_LOC_STRINGS = YES;
				SWIFT_VERSION = 5.0;
			};
			name = Release;
		};
/* End XCBuildConfiguration section */

/* Begin XCConfigurationList section */
		AACFL0001 /* Build configuration list for PBXProject "DubScribe" */ = {
			isa = XCConfigurationList;
			buildConfigurations = (
				AACFG0001 /* Debug */,
				AACFG0002 /* Release */,
			);
			defaultConfigurationIsVisible = 0;
			defaultConfigurationName = Release;
		};
		AACFL0002 /* Build configuration list for PBXNativeTarget "DubScribe" */ = {
			isa = XCConfigurationList;
			buildConfigurations = (
				AACFG0003 /* Debug */,
				AACFG0004 /* Release */,
			);
			defaultConfigurationIsVisible = 0;
			defaultConfigurationName = Release;
		};
/* End XCConfigurationList section */
	};
	rootObject = AAPROJ001 /* Project object */;
}
